// !$*UTF8*$!
{
	archiveVersion = 1;
	classes = {
	};
	objectVersion = 46;
	objects = {

/* Begin PBXBuildFile section */
		D044D8EC1C8A6CF200024290 /* all_posts.json in Resources */ = {isa = PBXBuildFile; fileRef = D044D8EB1C8A6CF100024290 /* all_posts.json */; };
		D059F2FD1C8C832D008A9585 /* DataObject.m in Sources */ = {isa = PBXBuildFile; fileRef = D059F2FC1C8C832D008A9585 /* DataObject.m */; };
		D0D1B4141C87F26F00E8081A /* main.m in Sources */ = {isa = PBXBuildFile; fileRef = D0D1B4131C87F26F00E8081A /* main.m */; };
		D0D1B4171C87F26F00E8081A /* AppDelegate.m in Sources */ = {isa = PBXBuildFile; fileRef = D0D1B4161C87F26F00E8081A /* AppDelegate.m */; };
		D0D1B41A1C87F26F00E8081A /* ViewController.m in Sources */ = {isa = PBXBuildFile; fileRef = D0D1B4191C87F26F00E8081A /* ViewController.m */; };
		D0D1B41D1C87F26F00E8081A /* Main.storyboard in Resources */ = {isa = PBXBuildFile; fileRef = D0D1B41B1C87F26F00E8081A /* Main.storyboard */; };
		D0D1B41F1C87F26F00E8081A /* Assets.xcassets in Resources */ = {isa = PBXBuildFile; fileRef = D0D1B41E1C87F26F00E8081A /* Assets.xcassets */; };
		D0D1B4221C87F26F00E8081A /* LaunchScreen.storyboard in Resources */ = {isa = PBXBuildFile; fileRef = D0D1B4201C87F26F00E8081A /* LaunchScreen.storyboard */; };
		D0D1B42A1C87F5F200E8081A /* icon_arrow_back.png in Resources */ = {isa = PBXBuildFile; fileRef = D0D1B4291C87F5F200E8081A /* icon_arrow_back.png */; };
		D0D1B42D1C87F72300E8081A /* TextSearchViewController.m in Sources */ = {isa = PBXBuildFile; fileRef = D0D1B42C1C87F72300E8081A /* TextSearchViewController.m */; };
		D0D1B42F1C880D3A00E8081A /* icon_category.png in Resources */ = {isa = PBXBuildFile; fileRef = D0D1B42E1C880D3A00E8081A /* icon_category.png */; };
/* End PBXBuildFile section */

/* Begin PBXFileReference section */
		D044D8EB1C8A6CF100024290 /* all_posts.json */ = {isa = PBXFileReference; fileEncoding = 4; lastKnownFileType = text.json; path = all_posts.json; sourceTree = "<group>"; };
		D059F2FB1C8C832D008A9585 /* DataObject.h */ = {isa = PBXFileReference; fileEncoding = 4; lastKnownFileType = sourcecode.c.h; path = DataObject.h; sourceTree = "<group>"; };
		D059F2FC1C8C832D008A9585 /* DataObject.m */ = {isa = PBXFileReference; fileEncoding = 4; lastKnownFileType = sourcecode.c.objc; path = DataObject.m; sourceTree = "<group>"; };
		D0D1B40F1C87F26F00E8081A /* Text Search.app */ = {isa = PBXFileReference; explicitFileType = wrapper.application; includeInIndex = 0; path = "Text Search.app"; sourceTree = BUILT_PRODUCTS_DIR; };
		D0D1B4131C87F26F00E8081A /* main.m */ = {isa = PBXFileReference; lastKnownFileType = sourcecode.c.objc; path = main.m; sourceTree = "<group>"; };
		D0D1B4151C87F26F00E8081A /* AppDelegate.h */ = {isa = PBXFileReference; lastKnownFileType = sourcecode.c.h; path = AppDelegate.h; sourceTree = "<group>"; };
		D0D1B4161C87F26F00E8081A /* AppDelegate.m */ = {isa = PBXFileReference; lastKnownFileType = sourcecode.c.objc; path = AppDelegate.m; sourceTree = "<group>"; };
		D0D1B4181C87F26F00E8081A /* ViewController.h */ = {isa = PBXFileReference; lastKnownFileType = sourcecode.c.h; path = ViewController.h; sourceTree = "<group>"; };
		D0D1B4191C87F26F00E8081A /* ViewController.m */ = {isa = PBXFileReference; lastKnownFileType = sourcecode.c.objc; path = ViewController.m; sourceTree = "<group>"; };
		D0D1B41C1C87F26F00E8081A /* Base */ = {isa = PBXFileReference; lastKnownFileType = file.storyboard; name = Base; path = Base.lproj/Main.storyboard; sourceTree = "<group>"; };
		D0D1B41E1C87F26F00E8081A /* Assets.xcassets */ = {isa = PBXFileReference; lastKnownFileType = folder.assetcatalog; path = Assets.xcassets; sourceTree = "<group>"; };
		D0D1B4211C87F26F00E8081A /* Base */ = {isa = PBXFileReference; lastKnownFileType = file.storyboard; name = Base; path = Base.lproj/LaunchScreen.storyboard; sourceTree = "<group>"; };
		D0D1B4231C87F26F00E8081A /* Info.plist */ = {isa = PBXFileReference; lastKnownFileType = text.plist.xml; path = Info.plist; sourceTree = "<group>"; };
		D0D1B4291C87F5F200E8081A /* icon_arrow_back.png */ = {isa = PBXFileReference; lastKnownFileType = image.png; path = icon_arrow_back.png; sourceTree = "<group>"; };
		D0D1B42B1C87F72300E8081A /* TextSearchViewController.h */ = {isa = PBXFileReference; fileEncoding = 4; lastKnownFileType = sourcecode.c.h; path = TextSearchViewController.h; sourceTree = "<group>"; };
		D0D1B42C1C87F72300E8081A /* TextSearchViewController.m */ = {isa = PBXFileReference; fileEncoding = 4; lastKnownFileType = sourcecode.c.objc; path = TextSearchViewController.m; sourceTree = "<group>"; };
		D0D1B42E1C880D3A00E8081A /* icon_category.png */ = {isa = PBXFileReference; lastKnownFileType = image.png; path = icon_category.png; sourceTree = "<group>"; };
/* End PBXFileReference section */

/* Begin PBXFrameworksBuildPhase section */
		D0D1B40C1C87F26F00E8081A /* Frameworks */ = {
			isa = PBXFrameworksBuildPhase;
			buildActionMask = 2147483647;
			files = (
			);
			runOnlyForDeploymentPostprocessing = 0;
		};
/* End PBXFrameworksBuildPhase section */

/* Begin PBXGroup section */
		D0D1B4061C87F26F00E8081A = {
			isa = PBXGroup;
			children = (
				D0D1B4111C87F26F00E8081A /* Text Search */,
				D0D1B4101C87F26F00E8081A /* Products */,
			);
			sourceTree = "<group>";
		};
		D0D1B4101C87F26F00E8081A /* Products */ = {
			isa = PBXGroup;
			children = (
				D0D1B40F1C87F26F00E8081A /* Text Search.app */,
			);
			name = Products;
			sourceTree = "<group>";
		};
		D0D1B4111C87F26F00E8081A /* Text Search */ = {
			isa = PBXGroup;
			children = (
				D044D8EB1C8A6CF100024290 /* all_posts.json */,
				D0D1B4291C87F5F200E8081A /* icon_arrow_back.png */,
				D0D1B42E1C880D3A00E8081A /* icon_category.png */,
				D0D1B4151C87F26F00E8081A /* AppDelegate.h */,
				D0D1B4161C87F26F00E8081A /* AppDelegate.m */,
				D0D1B4181C87F26F00E8081A /* ViewController.h */,
				D0D1B4191C87F26F00E8081A /* ViewController.m */,
				D0D1B41B1C87F26F00E8081A /* Main.storyboard */,
				D0D1B41E1C87F26F00E8081A /* Assets.xcassets */,
				D0D1B4201C87F26F00E8081A /* LaunchScreen.storyboard */,
				D0D1B4231C87F26F00E8081A /* Info.plist */,
				D0D1B4121C87F26F00E8081A /* Supporting Files */,
				D0D1B42B1C87F72300E8081A /* TextSearchViewController.h */,
				D0D1B42C1C87F72300E8081A /* TextSearchViewController.m */,
			);
			path = "Text Search";
			sourceTree = "<group>";
		};
		D0D1B4121C87F26F00E8081A /* Supporting Files */ = {
			isa = PBXGroup;
			children = (
				D0D1B4131C87F26F00E8081A /* main.m */,
				D059F2FB1C8C832D008A9585 /* DataObject.h */,
				D059F2FC1C8C832D008A9585 /* DataObject.m */,
			);
			name = "Supporting Files";
			sourceTree = "<group>";
		};
/* End PBXGroup section */

/* Begin PBXNativeTarget section */
		D0D1B40E1C87F26F00E8081A /* Text Search */ = {
			isa = PBXNativeTarget;
			buildConfigurationList = D0D1B4261C87F26F00E8081A /* Build configuration list for PBXNativeTarget "Text Search" */;
			buildPhases = (
				D0D1B40B1C87F26F00E8081A /* Sources */,
				D0D1B40C1C87F26F00E8081A /* Frameworks */,
				D0D1B40D1C87F26F00E8081A /* Resources */,
			);
			buildRules = (
			);
			dependencies = (
			);
			name = "Text Search";
			productName = "Text Search";
			productReference = D0D1B40F1C87F26F00E8081A /* Text Search.app */;
			productType = "com.apple.product-type.application";
		};
/* End PBXNativeTarget section */

/* Begin PBXProject section */
		D0D1B4071C87F26F00E8081A /* Project object */ = {
			isa = PBXProject;
			attributes = {
				LastUpgradeCheck = 0720;
				ORGANIZATIONNAME = "Wu Peter";
				TargetAttributes = {
					D0D1B40E1C87F26F00E8081A = {
						CreatedOnToolsVersion = 7.2.1;
					};
				};
			};
			buildConfigurationList = D0D1B40A1C87F26F00E8081A /* Build configuration list for PBXProject "Text Search" */;
			compatibilityVersion = "Xcode 3.2";
			developmentRegion = English;
			hasScannedForEncodings = 0;
			knownRegions = (
				en,
				Base,
			);
			mainGroup = D0D1B4061C87F26F00E8081A;
			productRefGroup = D0D1B4101C87F26F00E8081A /* Products */;
			projectDirPath = "";
			projectRoot = "";
			targets = (
				D0D1B40E1C87F26F00E8081A /* Text Search */,
			);
		};
/* End PBXProject section */

/* Begin PBXResourcesBuildPhase section */
		D0D1B40D1C87F26F00E8081A /* Resources */ = {
			isa = PBXResourcesBuildPhase;
			buildActionMask = 2147483647;
			files = (
				D0D1B42F1C880D3A00E8081A /* icon_category.png in Resources */,
				D044D8EC1C8A6CF200024290 /* all_posts.json in Resources */,
				D0D1B4221C87F26F00E8081A /* LaunchScreen.storyboard in Resources */,
				D0D1B42A1C87F5F200E8081A /* icon_arrow_back.png in Resources */,
				D0D1B41F1C87F26F00E8081A /* Assets.xcassets in Resources */,
				D0D1B41D1C87F26F00E8081A /* Main.storyboard in Resources */,
			);
			runOnlyForDeploymentPostprocessing = 0;
		};
/* End PBXResourcesBuildPhase section */

/* Begin PBXSourcesBuildPhase section */
		D0D1B40B1C87F26F00E8081A /* Sources */ = {
			isa = PBXSourcesBuildPhase;
			buildActionMask = 2147483647;
			files = (
				D0D1B41A1C87F26F00E8081A /* ViewController.m in Sources */,
				D0D1B4171C87F26F00E8081A /* AppDelegate.m in Sources */,
				D059F2FD1C8C832D008A9585 /* DataObject.m in Sources */,
				D0D1B4141C87F26F00E8081A /* main.m in Sources */,
				D0D1B42D1C87F72300E8081A /* TextSearchViewController.m in Sources */,
			);
			runOnlyForDeploymentPostprocessing = 0;
		};
/* End PBXSourcesBuildPhase section */

/* Begin PBXVariantGroup section */
		D0D1B41B1C87F26F00E8081A /* Main.storyboard */ = {
			isa = PBXVariantGroup;
			children = (
				D0D1B41C1C87F26F00E8081A /* Base */,
			);
			name = Main.storyboard;
			sourceTree = "<group>";
		};
		D0D1B4201C87F26F00E8081A /* LaunchScreen.storyboard */ = {
			isa = PBXVariantGroup;
			children = (
				D0D1B4211C87F26F00E8081A /* Base */,
			);
			name = LaunchScreen.storyboard;
			sourceTree = "<group>";
		};
/* End PBXVariantGroup section */

/* Begin XCBuildConfiguration section */
		D0D1B4241C87F26F00E8081A /* Debug */ = {
			isa = XCBuildConfiguration;
			buildSettings = {
				ALWAYS_SEARCH_USER_PATHS = NO;
				CLANG_CXX_LANGUAGE_STANDARD = "gnu++0x";
				CLANG_CXX_LIBRARY = "libc++";
				CLANG_ENABLE_MODULES = YES;
				CLANG_ENABLE_OBJC_ARC = YES;
				CLANG_WARN_BOOL_CONVERSION = YES;
				CLANG_WARN_CONSTANT_CONVERSION = YES;
				CLANG_WARN_DIRECT_OBJC_ISA_USAGE = YES_ERROR;
				CLANG_WARN_EMPTY_BODY = YES;
				CLANG_WARN_ENUM_CONVERSION = YES;
				CLANG_WARN_INT_CONVERSION = YES;
				CLANG_WARN_OBJC_ROOT_CLASS = YES_ERROR;
				CLANG_WARN_UNREACHABLE_CODE = YES;
				CLANG_WARN__DUPLICATE_METHOD_MATCH = YES;
				"CODE_SIGN_IDENTITY[sdk=iphoneos*]" = "iPhone Developer";
				COPY_PHASE_STRIP = NO;
				DEBUG_INFORMATION_FORMAT = dwarf;
				ENABLE_STRICT_OBJC_MSGSEND = YES;
				ENABLE_TESTABILITY = YES;
				GCC_C_LANGUAGE_STANDARD = gnu99;
				GCC_DYNAMIC_NO_PIC = NO;
				GCC_NO_COMMON_BLOCKS = YES;
				GCC_OPTIMIZATION_LEVEL = 0;
				GCC_PREPROCESSOR_DEFINITIONS = (
					"DEBUG=1",
					"$(inherited)",
				);
				GCC_WARN_64_TO_32_BIT_CONVERSION = YES;
				GCC_WARN_ABOUT_RETURN_TYPE = YES_ERROR;
				GCC_WARN_UNDECLARED_SELECTOR = YES;
				GCC_WARN_UNINITIALIZED_AUTOS = YES_AGGRESSIVE;
				GCC_WARN_UNUSED_FUNCTION = YES;
				GCC_WARN_UNUSED_VARIABLE = YES;
				IPHONEOS_DEPLOYMENT_TARGET = 9.2;
				MTL_ENABLE_DEBUG_INFO = YES;
				ONLY_ACTIVE_ARCH = YES;
				SDKROOT = iphoneos;
			};
			name = Debug;
		};
		D0D1B4251C87F26F00E8081A /* Release */ = {
			isa = XCBuildConfiguration;
			buildSettings = {
				ALWAYS_SEARCH_USER_PATHS = NO;
				CLANG_CXX_LANGUAGE_STANDARD = "gnu++0x";
				CLANG_CXX_LIBRARY = "libc++";
				CLANG_ENABLE_MODULES = YES;
				CLANG_ENABLE_OBJC_ARC = YES;
				CLANG_WARN_BOOL_CONVERSION = YES;
				CLANG_WARN_CONSTANT_CONVERSION = YES;
				CLANG_WARN_DIRECT_OBJC_ISA_USAGE = YES_ERROR;
				CLANG_WARN_EMPTY_BODY = YES;
				CLANG_WARN_ENUM_CONVERSION = YES;
				CLANG_WARN_INT_CONVERSION = YES;
				CLANG_WARN_OBJC_ROOT_CLASS = YES_ERROR;
				CLANG_WARN_UNREACHABLE_CODE = YES;
				CLANG_WARN__DUPLICATE_METHOD_MATCH = YES;
				"CODE_SIGN_IDENTITY[sdk=iphoneos*]" = "iPhone Developer";
				COPY_PHASE_STRIP = NO;
				DEBUG_INFORMATION_FORMAT = "dwarf-with-dsym";
				ENABLE_NS_ASSERTIONS = NO;
				ENABLE_STRICT_OBJC_MSGSEND = YES;
				GCC_C_LANGUAGE_STANDARD = gnu99;
				GCC_NO_COMMON_BLOCKS = YES;
				GCC_WARN_64_TO_32_BIT_CONVERSION = YES;
				GCC_WARN_ABOUT_RETURN_TYPE = YES_ERROR;
				GCC_WARN_UNDECLARED_SELECTOR = YES;
				GCC_WARN_UNINITIALIZED_AUTOS = YES_AGGRESSIVE;
				GCC_WARN_UNUSED_FUNCTION = YES;
				GCC_WARN_UNUSED_VARIABLE = YES;
				IPHONEOS_DEPLOYMENT_TARGET = 9.2;
				MTL_ENABLE_DEBUG_INFO = NO;
				SDKROOT = iphoneos;
				VALIDATE_PRODUCT = YES;
			};
			name = Release;
		};
		D0D1B4271C87F26F00E8081A /* Debug */ = {
			isa = XCBuildConfiguration;
			buildSettings = {
				ASSETCATALOG_COMPILER_APPICON_NAME = AppIcon;
				INFOPLIST_FILE = "Text Search/Info.plist";
				LD_RUNPATH_SEARCH_PATHS = "$(inherited) @executable_path/Frameworks";
				PRODUCT_BUNDLE_IDENTIFIER = "-23.Text-Search";
				PRODUCT_NAME = "$(TARGET_NAME)";
			};
			name = Debug;
		};
		D0D1B4281C87F26F00E8081A /* Release */ = {
			isa = XCBuildConfiguration;
			buildSettings = {
				ASSETCATALOG_COMPILER_APPICON_NAME = AppIcon;
				INFOPLIST_FILE = "Text Search/Info.plist";
				LD_RUNPATH_SEARCH_PATHS = "$(inherited) @executable_path/Frameworks";
				PRODUCT_BUNDLE_IDENTIFIER = "-23.Text-Search";
				PRODUCT_NAME = "$(TARGET_NAME)";
			};
			name = Release;
		};
/* End XCBuildConfiguration section */

/* Begin XCConfigurationList section */
		D0D1B40A1C87F26F00E8081A /* Build configuration list for PBXProject "Text Search" */ = {
			isa = XCConfigurationList;
			buildConfigurations = (
				D0D1B4241C87F26F00E8081A /* Debug */,
				D0D1B4251C87F26F00E8081A /* Release */,
			);
			defaultConfigurationIsVisible = 0;
			defaultConfigurationName = Release;
		};
		D0D1B4261C87F26F00E8081A /* Build configuration list for PBXNativeTarget "Text Search" */ = {
			isa = XCConfigurationList;
			buildConfigurations = (
				D0D1B4271C87F26F00E8081A /* Debug */,
				D0D1B4281C87F26F00E8081A /* Release */,
			);
			defaultConfigurationIsVisible = 0;
			defaultConfigurationName = Release;
		};
/* End XCConfigurationList section */
	};
	rootObject = D0D1B4071C87F26F00E8081A /* Project object */;
}
